
Microsoft Visual Studio Solution File, Format Version 12.00
# Visual Studio Version 16
VisualStudioVersion = 16.0.30503.244
MinimumVisualStudioVersion = 10.0.40219.1
Project("{888888A0-9F3D-457C-B088-3A5042F75D52}") = "TelegrammBot", "TelegrammBot.pyproj", "{66E66FBA-F5D7-4CD8-8E95-7001D88B1A77}"
EndProject
Global
	GlobalSection(SolutionConfigurationPlatforms) = preSolution
		Debug|Any CPU = Debug|Any CPU
		Release|Any CPU = Release|Any CPU
	EndGlobalSection
	GlobalSection(ProjectConfigurationPlatforms) = postSolution
		{66E66FBA-F5D7-4CD8-8E95-7001D88B1A77}.Debug|Any CPU.ActiveCfg = Debug|Any CPU
		{66E66FBA-F5D7-4CD8-8E95-7001D88B1A77}.Release|Any CPU.ActiveCfg = Release|Any CPU
	EndGlobalSection
	GlobalSection(SolutionProperties) = preSolution
		HideSolutionNode = FALSE
	EndGlobalSection
	GlobalSection(ExtensibilityGlobals) = postSolution
		SolutionGuid = {58B4B0E6-E37B-48F2-825E-3A636D055869}
	EndGlobalSection
EndGlobal
